// !$*UTF8*$!
{
	archiveVersion = 1;
	classes = {
	};
	objectVersion = 46;
	objects = {

/* Begin PBXBuildFile section */
		430F01E31998D6B80055E080 /* ArrayCreator.swift in Sources */ = {isa = PBXBuildFile; fileRef = 430F01E21998D6B80055E080 /* ArrayCreator.swift */; };
		4395A7D419981B1B00CDFD47 /* AppDelegate.swift in Sources */ = {isa = PBXBuildFile; fileRef = 4395A7D319981B1B00CDFD47 /* AppDelegate.swift */; };
		4395A7D719981B1C00CDFD47 /* _2Homework.xcdatamodeld in Sources */ = {isa = PBXBuildFile; fileRef = 4395A7D519981B1C00CDFD47 /* _2Homework.xcdatamodeld */; };
		4395A7D919981B1C00CDFD47 /* ViewController.swift in Sources */ = {isa = PBXBuildFile; fileRef = 4395A7D819981B1C00CDFD47 /* ViewController.swift */; };
		4395A7DC19981B1C00CDFD47 /* Main.storyboard in Resources */ = {isa = PBXBuildFile; fileRef = 4395A7DA19981B1C00CDFD47 /* Main.storyboard */; };
		4395A7DE19981B1C00CDFD47 /* Images.xcassets in Resources */ = {isa = PBXBuildFile; fileRef = 4395A7DD19981B1C00CDFD47 /* Images.xcassets */; };
		4395A7EA19981B1C00CDFD47 /* _2HomeworkTests.swift in Sources */ = {isa = PBXBuildFile; fileRef = 4395A7E919981B1C00CDFD47 /* _2HomeworkTests.swift */; };
		4395A7F419981C8300CDFD47 /* DataClass.swift in Sources */ = {isa = PBXBuildFile; fileRef = 4395A7F319981C8300CDFD47 /* DataClass.swift */; };
		4395A7F8199827A900CDFD47 /* EditViewController.swift in Sources */ = {isa = PBXBuildFile; fileRef = 4395A7F7199827A900CDFD47 /* EditViewController.swift */; };
/* End PBXBuildFile section */

/* Begin PBXContainerItemProxy section */
		4395A7E419981B1C00CDFD47 /* PBXContainerItemProxy */ = {
			isa = PBXContainerItemProxy;
			containerPortal = 4395A7C619981B1B00CDFD47 /* Project object */;
			proxyType = 1;
			remoteGlobalIDString = 4395A7CD19981B1B00CDFD47;
			remoteInfo = 02Homework;
		};
/* End PBXContainerItemProxy section */

/* Begin PBXFileReference section */
		430F01E21998D6B80055E080 /* ArrayCreator.swift */ = {isa = PBXFileReference; fileEncoding = 4; lastKnownFileType = sourcecode.swift; path = ArrayCreator.swift; sourceTree = "<group>"; };
		4395A7CE19981B1B00CDFD47 /* 02Homework.app */ = {isa = PBXFileReference; explicitFileType = wrapper.application; includeInIndex = 0; path = 02Homework.app; sourceTree = BUILT_PRODUCTS_DIR; };
		4395A7D219981B1B00CDFD47 /* Info.plist */ = {isa = PBXFileReference; lastKnownFileType = text.plist.xml; path = Info.plist; sourceTree = "<group>"; };
		4395A7D319981B1B00CDFD47 /* AppDelegate.swift */ = {isa = PBXFileReference; lastKnownFileType = sourcecode.swift; path = AppDelegate.swift; sourceTree = "<group>"; };
		4395A7D619981B1C00CDFD47 /* _2Homework.xcdatamodel */ = {isa = PBXFileReference; lastKnownFileType = wrapper.xcdatamodel; path = _2Homework.xcdatamodel; sourceTree = "<group>"; };
		4395A7D819981B1C00CDFD47 /* ViewController.swift */ = {isa = PBXFileReference; lastKnownFileType = sourcecode.swift; path = ViewController.swift; sourceTree = "<group>"; };
		4395A7DB19981B1C00CDFD47 /* Base */ = {isa = PBXFileReference; lastKnownFileType = file.storyboard; name = Base; path = Base.lproj/Main.storyboard; sourceTree = "<group>"; };
		4395A7DD19981B1C00CDFD47 /* Images.xcassets */ = {isa = PBXFileReference; lastKnownFileType = folder.assetcatalog; path = Images.xcassets; sourceTree = "<group>"; };
		4395A7E319981B1C00CDFD47 /* 02HomeworkTests.xctest */ = {isa = PBXFileReference; explicitFileType = wrapper.cfbundle; includeInIndex = 0; path = 02HomeworkTests.xctest; sourceTree = BUILT_PRODUCTS_DIR; };
		4395A7E819981B1C00CDFD47 /* Info.plist */ = {isa = PBXFileReference; lastKnownFileType = text.plist.xml; path = Info.plist; sourceTree = "<group>"; };
		4395A7E919981B1C00CDFD47 /* _2HomeworkTests.swift */ = {isa = PBXFileReference; lastKnownFileType = sourcecode.swift; path = _2HomeworkTests.swift; sourceTree = "<group>"; };
		4395A7F319981C8300CDFD47 /* DataClass.swift */ = {isa = PBXFileReference; fileEncoding = 4; lastKnownFileType = sourcecode.swift; path = DataClass.swift; sourceTree = "<group>"; };
		4395A7F7199827A900CDFD47 /* EditViewController.swift */ = {isa = PBXFileReference; fileEncoding = 4; lastKnownFileType = sourcecode.swift; path = EditViewController.swift; sourceTree = "<group>"; };
/* End PBXFileReference section */

/* Begin PBXFrameworksBuildPhase section */
		4395A7CB19981B1B00CDFD47 /* Frameworks */ = {
			isa = PBXFrameworksBuildPhase;
			buildActionMask = 2147483647;
			files = (
			);
			runOnlyForDeploymentPostprocessing = 0;
		};
		4395A7E019981B1C00CDFD47 /* Frameworks */ = {
			isa = PBXFrameworksBuildPhase;
			buildActionMask = 2147483647;
			files = (
			);
			runOnlyForDeploymentPostprocessing = 0;
		};
/* End PBXFrameworksBuildPhase section */

/* Begin PBXGroup section */
		4395A7C519981B1B00CDFD47 = {
			isa = PBXGroup;
			children = (
				4395A7D019981B1B00CDFD47 /* 02Homework */,
				4395A7E619981B1C00CDFD47 /* 02HomeworkTests */,
				4395A7CF19981B1B00CDFD47 /* Products */,
			);
			sourceTree = "<group>";
		};
		4395A7CF19981B1B00CDFD47 /* Products */ = {
			isa = PBXGroup;
			children = (
				4395A7CE19981B1B00CDFD47 /* 02Homework.app */,
				4395A7E319981B1C00CDFD47 /* 02HomeworkTests.xctest */,
			);
			name = Products;
			sourceTree = "<group>";
		};
		4395A7D019981B1B00CDFD47 /* 02Homework */ = {
			isa = PBXGroup;
			children = (
				4395A7D319981B1B00CDFD47 /* AppDelegate.swift */,
				4395A7D819981B1C00CDFD47 /* ViewController.swift */,
				4395A7DA19981B1C00CDFD47 /* Main.storyboard */,
				4395A7DD19981B1C00CDFD47 /* Images.xcassets */,
				4395A7D519981B1C00CDFD47 /* _2Homework.xcdatamodeld */,
				4395A7D119981B1B00CDFD47 /* Supporting Files */,
				4395A7F319981C8300CDFD47 /* DataClass.swift */,
				4395A7F7199827A900CDFD47 /* EditViewController.swift */,
				430F01E21998D6B80055E080 /* ArrayCreator.swift */,
			);
			path = 02Homework;
			sourceTree = "<group>";
		};
		4395A7D119981B1B00CDFD47 /* Supporting Files */ = {
			isa = PBXGroup;
			children = (
				4395A7D219981B1B00CDFD47 /* Info.plist */,
			);
			name = "Supporting Files";
			sourceTree = "<group>";
		};
		4395A7E619981B1C00CDFD47 /* 02HomeworkTests */ = {
			isa = PBXGroup;
			children = (
				4395A7E919981B1C00CDFD47 /* _2HomeworkTests.swift */,
				4395A7E719981B1C00CDFD47 /* Supporting Files */,
			);
			path = 02HomeworkTests;
			sourceTree = "<group>";
		};
		4395A7E719981B1C00CDFD47 /* Supporting Files */ = {
			isa = PBXGroup;
			children = (
				4395A7E819981B1C00CDFD47 /* Info.plist */,
			);
			name = "Supporting Files";
			sourceTree = "<group>";
		};
/* End PBXGroup section */

/* Begin PBXNativeTarget section */
		4395A7CD19981B1B00CDFD47 /* 02Homework */ = {
			isa = PBXNativeTarget;
			buildConfigurationList = 4395A7ED19981B1C00CDFD47 /* Build configuration list for PBXNativeTarget "02Homework" */;
			buildPhases = (
				4395A7CA19981B1B00CDFD47 /* Sources */,
				4395A7CB19981B1B00CDFD47 /* Frameworks */,
				4395A7CC19981B1B00CDFD47 /* Resources */,
			);
			buildRules = (
			);
			dependencies = (
			);
			name = 02Homework;
			productName = 02Homework;
			productReference = 4395A7CE19981B1B00CDFD47 /* 02Homework.app */;
			productType = "com.apple.product-type.application";
		};
		4395A7E219981B1C00CDFD47 /* 02HomeworkTests */ = {
			isa = PBXNativeTarget;
			buildConfigurationList = 4395A7F019981B1C00CDFD47 /* Build configuration list for PBXNativeTarget "02HomeworkTests" */;
			buildPhases = (
				4395A7DF19981B1C00CDFD47 /* Sources */,
				4395A7E019981B1C00CDFD47 /* Frameworks */,
				4395A7E119981B1C00CDFD47 /* Resources */,
			);
			buildRules = (
			);
			dependencies = (
				4395A7E519981B1C00CDFD47 /* PBXTargetDependency */,
			);
			name = 02HomeworkTests;
			productName = 02HomeworkTests;
			productReference = 4395A7E319981B1C00CDFD47 /* 02HomeworkTests.xctest */;
			productType = "com.apple.product-type.bundle.unit-test";
		};
/* End PBXNativeTarget section */

/* Begin PBXProject section */
		4395A7C619981B1B00CDFD47 /* Project object */ = {
			isa = PBXProject;
			attributes = {
				LastUpgradeCheck = 0600;
				ORGANIZATIONNAME = "Nate Birkholz";
				TargetAttributes = {
					4395A7CD19981B1B00CDFD47 = {
						CreatedOnToolsVersion = 6.0;
					};
					4395A7E219981B1C00CDFD47 = {
						CreatedOnToolsVersion = 6.0;
						TestTargetID = 4395A7CD19981B1B00CDFD47;
					};
				};
			};
			buildConfigurationList = 4395A7C919981B1B00CDFD47 /* Build configuration list for PBXProject "02Homework" */;
			compatibilityVersion = "Xcode 3.2";
			developmentRegion = English;
			hasScannedForEncodings = 0;
			knownRegions = (
				en,
				Base,
			);
			mainGroup = 4395A7C519981B1B00CDFD47;
			productRefGroup = 4395A7CF19981B1B00CDFD47 /* Products */;
			projectDirPath = "";
			projectRoot = "";
			targets = (
				4395A7CD19981B1B00CDFD47 /* 02Homework */,
				4395A7E219981B1C00CDFD47 /* 02HomeworkTests */,
			);
		};
/* End PBXProject section */

/* Begin PBXResourcesBuildPhase section */
		4395A7CC19981B1B00CDFD47 /* Resources */ = {
			isa = PBXResourcesBuildPhase;
			buildActionMask = 2147483647;
			files = (
				4395A7DC19981B1C00CDFD47 /* Main.storyboard in Resources */,
				4395A7DE19981B1C00CDFD47 /* Images.xcassets in Resources */,
			);
			runOnlyForDeploymentPostprocessing = 0;
		};
		4395A7E119981B1C00CDFD47 /* Resources */ = {
			isa = PBXResourcesBuildPhase;
			buildActionMask = 2147483647;
			files = (
			);
			runOnlyForDeploymentPostprocessing = 0;
		};
/* End PBXResourcesBuildPhase section */

/* Begin PBXSourcesBuildPhase section */
		4395A7CA19981B1B00CDFD47 /* Sources */ = {
			isa = PBXSourcesBuildPhase;
			buildActionMask = 2147483647;
			files = (
				4395A7F8199827A900CDFD47 /* EditViewController.swift in Sources */,
				4395A7D919981B1C00CDFD47 /* ViewController.swift in Sources */,
				4395A7D719981B1C00CDFD47 /* _2Homework.xcdatamodeld in Sources */,
				4395A7F419981C8300CDFD47 /* DataClass.swift in Sources */,
				430F01E31998D6B80055E080 /* ArrayCreator.swift in Sources */,
				4395A7D419981B1B00CDFD47 /* AppDelegate.swift in Sources */,
			);
			runOnlyForDeploymentPostprocessing = 0;
		};
		4395A7DF19981B1C00CDFD47 /* Sources */ = {
			isa = PBXSourcesBuildPhase;
			buildActionMask = 2147483647;
			files = (
				4395A7EA19981B1C00CDFD47 /* _2HomeworkTests.swift in Sources */,
			);
			runOnlyForDeploymentPostprocessing = 0;
		};
/* End PBXSourcesBuildPhase section */

/* Begin PBXTargetDependency section */
		4395A7E519981B1C00CDFD47 /* PBXTargetDependency */ = {
			isa = PBXTargetDependency;
			target = 4395A7CD19981B1B00CDFD47 /* 02Homework */;
			targetProxy = 4395A7E419981B1C00CDFD47 /* PBXContainerItemProxy */;
		};
/* End PBXTargetDependency section */

/* Begin PBXVariantGroup section */
		4395A7DA19981B1C00CDFD47 /* Main.storyboard */ = {
			isa = PBXVariantGroup;
			children = (
				4395A7DB19981B1C00CDFD47 /* Base */,
			);
			name = Main.storyboard;
			sourceTree = "<group>";
		};
/* End PBXVariantGroup section */

/* Begin XCBuildConfiguration section */
		4395A7EB19981B1C00CDFD47 /* Debug */ = {
			isa = XCBuildConfiguration;
			buildSettings = {
				ALWAYS_SEARCH_USER_PATHS = NO;
				CLANG_CXX_LANGUAGE_STANDARD = "gnu++0x";
				CLANG_CXX_LIBRARY = "libc++";
				CLANG_ENABLE_MODULES = YES;
				CLANG_ENABLE_OBJC_ARC = YES;
				CLANG_WARN_BOOL_CONVERSION = YES;
				CLANG_WARN_CONSTANT_CONVERSION = YES;
				CLANG_WARN_DIRECT_OBJC_ISA_USAGE = YES_ERROR;
				CLANG_WARN_EMPTY_BODY = YES;
				CLANG_WARN_ENUM_CONVERSION = YES;
				CLANG_WARN_INT_CONVERSION = YES;
				CLANG_WARN_OBJC_ROOT_CLASS = YES_ERROR;
				CLANG_WARN_UNREACHABLE_CODE = YES;
				CLANG_WARN__DUPLICATE_METHOD_MATCH = YES;
				"CODE_SIGN_IDENTITY[sdk=iphoneos*]" = "iPhone Developer";
				COPY_PHASE_STRIP = NO;
				ENABLE_STRICT_OBJC_MSGSEND = YES;
				GCC_C_LANGUAGE_STANDARD = gnu99;
				GCC_DYNAMIC_NO_PIC = NO;
				GCC_OPTIMIZATION_LEVEL = 0;
				GCC_PREPROCESSOR_DEFINITIONS = (
					"DEBUG=1",
					"$(inherited)",
				);
				GCC_SYMBOLS_PRIVATE_EXTERN = NO;
				GCC_WARN_64_TO_32_BIT_CONVERSION = YES;
				GCC_WARN_ABOUT_RETURN_TYPE = YES_ERROR;
				GCC_WARN_UNDECLARED_SELECTOR = YES;
				GCC_WARN_UNINITIALIZED_AUTOS = YES_AGGRESSIVE;
				GCC_WARN_UNUSED_FUNCTION = YES;
				GCC_WARN_UNUSED_VARIABLE = YES;
				IPHONEOS_DEPLOYMENT_TARGET = 8.0;
				MTL_ENABLE_DEBUG_INFO = YES;
				ONLY_ACTIVE_ARCH = YES;
				SDKROOT = iphoneos;
				SWIFT_OPTIMIZATION_LEVEL = "-Onone";
			};
			name = Debug;
		};
		4395A7EC19981B1C00CDFD47 /* Release */ = {
			isa = XCBuildConfiguration;
			buildSettings = {
				ALWAYS_SEARCH_USER_PATHS = NO;
				CLANG_CXX_LANGUAGE_STANDARD = "gnu++0x";
				CLANG_CXX_LIBRARY = "libc++";
				CLANG_ENABLE_MODULES = YES;
				CLANG_ENABLE_OBJC_ARC = YES;
				CLANG_WARN_BOOL_CONVERSION = YES;
				CLANG_WARN_CONSTANT_CONVERSION = YES;
				CLANG_WARN_DIRECT_OBJC_ISA_USAGE = YES_ERROR;
				CLANG_WARN_EMPTY_BODY = YES;
				CLANG_WARN_ENUM_CONVERSION = YES;
				CLANG_WARN_INT_CONVERSION = YES;
				CLANG_WARN_OBJC_ROOT_CLASS = YES_ERROR;
				CLANG_WARN_UNREACHABLE_CODE = YES;
				CLANG_WARN__DUPLICATE_METHOD_MATCH = YES;
				"CODE_SIGN_IDENTITY[sdk=iphoneos*]" = "iPhone Developer";
				COPY_PHASE_STRIP = YES;
				ENABLE_NS_ASSERTIONS = NO;
				ENABLE_STRICT_OBJC_MSGSEND = YES;
				GCC_C_LANGUAGE_STANDARD = gnu99;
				GCC_WARN_64_TO_32_BIT_CONVERSION = YES;
				GCC_WARN_ABOUT_RETURN_TYPE = YES_ERROR;
				GCC_WARN_UNDECLARED_SELECTOR = YES;
				GCC_WARN_UNINITIALIZED_AUTOS = YES_AGGRESSIVE;
				GCC_WARN_UNUSED_FUNCTION = YES;
				GCC_WARN_UNUSED_VARIABLE = YES;
				IPHONEOS_DEPLOYMENT_TARGET = 8.0;
				MTL_ENABLE_DEBUG_INFO = NO;
				SDKROOT = iphoneos;
				VALIDATE_PRODUCT = YES;
			};
			name = Release;
		};
		4395A7EE19981B1C00CDFD47 /* Debug */ = {
			isa = XCBuildConfiguration;
			buildSettings = {
				ASSETCATALOG_COMPILER_APPICON_NAME = AppIcon;
				ASSETCATALOG_COMPILER_LAUNCHIMAGE_NAME = LaunchImage;
				INFOPLIST_FILE = 02Homework/Info.plist;
				LD_RUNPATH_SEARCH_PATHS = "$(inherited) @executable_path/Frameworks";
				PRODUCT_NAME = "$(TARGET_NAME)";
			};
			name = Debug;
		};
		4395A7EF19981B1C00CDFD47 /* Release */ = {
			isa = XCBuildConfiguration;
			buildSettings = {
				ASSETCATALOG_COMPILER_APPICON_NAME = AppIcon;
				ASSETCATALOG_COMPILER_LAUNCHIMAGE_NAME = LaunchImage;
				INFOPLIST_FILE = 02Homework/Info.plist;
				LD_RUNPATH_SEARCH_PATHS = "$(inherited) @executable_path/Frameworks";
				PRODUCT_NAME = "$(TARGET_NAME)";
			};
			name = Release;
		};
		4395A7F119981B1C00CDFD47 /* Debug */ = {
			isa = XCBuildConfiguration;
			buildSettings = {
				BUNDLE_LOADER = "$(TEST_HOST)";
				FRAMEWORK_SEARCH_PATHS = (
					"$(SDKROOT)/Developer/Library/Frameworks",
					"$(inherited)",
				);
				GCC_PREPROCESSOR_DEFINITIONS = (
					"DEBUG=1",
					"$(inherited)",
				);
				INFOPLIST_FILE = 02HomeworkTests/Info.plist;
				LD_RUNPATH_SEARCH_PATHS = "$(inherited) @executable_path/Frameworks @loader_path/Frameworks";
				PRODUCT_NAME = "$(TARGET_NAME)";
				TEST_HOST = "$(BUILT_PRODUCTS_DIR)/02Homework.app/02Homework";
			};
			name = Debug;
		};
		4395A7F219981B1C00CDFD47 /* Release */ = {
			isa = XCBuildConfiguration;
			buildSettings = {
				BUNDLE_LOADER = "$(TEST_HOST)";
				FRAMEWORK_SEARCH_PATHS = (
					"$(SDKROOT)/Developer/Library/Frameworks",
					"$(inherited)",
				);
				INFOPLIST_FILE = 02HomeworkTests/Info.plist;
				LD_RUNPATH_SEARCH_PATHS = "$(inherited) @executable_path/Frameworks @loader_path/Frameworks";
				PRODUCT_NAME = "$(TARGET_NAME)";
				TEST_HOST = "$(BUILT_PRODUCTS_DIR)/02Homework.app/02Homework";
			};
			name = Release;
		};
/* End XCBuildConfiguration section */

/* Begin XCConfigurationList section */
		4395A7C919981B1B00CDFD47 /* Build configuration list for PBXProject "02Homework" */ = {
			isa = XCConfigurationList;
			buildConfigurations = (
				4395A7EB19981B1C00CDFD47 /* Debug */,
				4395A7EC19981B1C00CDFD47 /* Release */,
			);
			defaultConfigurationIsVisible = 0;
			defaultConfigurationName = Release;
		};
		4395A7ED19981B1C00CDFD47 /* Build configuration list for PBXNativeTarget "02Homework" */ = {
			isa = XCConfigurationList;
			buildConfigurations = (
				4395A7EE19981B1C00CDFD47 /* Debug */,
				4395A7EF19981B1C00CDFD47 /* Release */,
			);
			defaultConfigurationIsVisible = 0;
			defaultConfigurationName = Release;
		};
		4395A7F019981B1C00CDFD47 /* Build configuration list for PBXNativeTarget "02HomeworkTests" */ = {
			isa = XCConfigurationList;
			buildConfigurations = (
				4395A7F119981B1C00CDFD47 /* Debug */,
				4395A7F219981B1C00CDFD47 /* Release */,
			);
			defaultConfigurationIsVisible = 0;
			defaultConfigurationName = Release;
		};
/* End XCConfigurationList section */

/* Begin XCVersionGroup section */
		4395A7D519981B1C00CDFD47 /* _2Homework.xcdatamodeld */ = {
			isa = XCVersionGroup;
			children = (
				4395A7D619981B1C00CDFD47 /* _2Homework.xcdatamodel */,
			);
			currentVersion = 4395A7D619981B1C00CDFD47 /* _2Homework.xcdatamodel */;
			path = _2Homework.xcdatamodeld;
			sourceTree = "<group>";
			versionGroupType = wrapper.xcdatamodel;
		};
/* End XCVersionGroup section */
	};
	rootObject = 4395A7C619981B1B00CDFD47 /* Project object */;
}
